dependencies:
- name: timescaledb-single
  repository: file://../../timescaledb-single
  version: 0.12.0
- name: zabbix
  repository: file://../../zabbix/3.3.1
  version: 3.3.1
- name: grafana
  repository: file://../../grafana/6.44.9
  version: 6.44.9
- name: rundeck
  repository: file://../../rundeck
  version: 3.4.9
digest: sha256:9044c80e9d6c2e3e294c12be850191337f4d002c8b2b66b3d2d84fa383dc5ecc
generated: "2022-11-29T23:52:08.785847-03:00"
