dependencies:
- name: postgresql
  repository: https://charts.bitnami.com/bitnami
  version: 15.5.1
- name: zabbix
  repository: https://zabbix-community.github.io/helm-zabbix
  version: 5.0.0
- name: grafana
  repository: https://grafana.github.io/helm-charts
  version: 8.0.0
- name: rundeck
  repository: https://eugenmayer.github.io/helm-charts
  version: 2.3.0
digest: sha256:3dbce36d66f626d6bba23e9b93cfda8539ecea2b478136a7bbba86fb45f8fde2
generated: "2024-06-04T17:13:57.475197877-03:00"
