dependencies:
- name: postgresql
  repository: file://../../postgresql/
  version: 16.3.0
- name: zabbix
  repository: file://../../zabbix/
  version: 5.0.0
- name: grafana
  repository: file://../../grafana/
  version: 8.0.0
- name: rundeck
  repository: file://../../rundeck
  version: 4.15.0
digest: sha256:ecd7101976bb736dec01a0729fc9128b508aab5616dfe393ce7d32212590bc87
generated: "2023-08-02T13:31:58.306658802-03:00"
